
Microsoft Visual Studio Solution File, Format Version 12.00
# Visual Studio Version 16
VisualStudioVersion = 16.0.29123.88
MinimumVisualStudioVersion = 10.0.40219.1
Project("{9A19103F-16F7-4668-BE54-9A1E7A4F7556}") = "Sender", "Sender\Sender.csproj", "{BEF96FAC-4D7C-43B3-B186-B607CD22CE2D}"
EndProject
Project("{9A19103F-16F7-4668-BE54-9A1E7A4F7556}") = "Receiver", "Receiver\Receiver.csproj", "{7866035F-15DD-4755-85C0-2E99071CA985}"
EndProject
Global
	GlobalSection(SolutionConfigurationPlatforms) = preSolution
		Debug|Any CPU = Debug|Any CPU
		Release|Any CPU = Release|Any CPU
	EndGlobalSection
	GlobalSection(ProjectConfigurationPlatforms) = postSolution
		{BEF96FAC-4D7C-43B3-B186-B607CD22CE2D}.Debug|Any CPU.ActiveCfg = Debug|Any CPU
		{BEF96FAC-4D7C-43B3-B186-B607CD22CE2D}.Debug|Any CPU.Build.0 = Debug|Any CPU
		{BEF96FAC-4D7C-43B3-B186-B607CD22CE2D}.Release|Any CPU.ActiveCfg = Release|Any CPU
		{BEF96FAC-4D7C-43B3-B186-B607CD22CE2D}.Release|Any CPU.Build.0 = Release|Any CPU
		{7866035F-15DD-4755-85C0-2E99071CA985}.Debug|Any CPU.ActiveCfg = Debug|Any CPU
		{7866035F-15DD-4755-85C0-2E99071CA985}.Debug|Any CPU.Build.0 = Debug|Any CPU
		{7866035F-15DD-4755-85C0-2E99071CA985}.Release|Any CPU.ActiveCfg = Release|Any CPU
		{7866035F-15DD-4755-85C0-2E99071CA985}.Release|Any CPU.Build.0 = Release|Any CPU
	EndGlobalSection
	GlobalSection(SolutionProperties) = preSolution
		HideSolutionNode = FALSE
	EndGlobalSection
	GlobalSection(ExtensibilityGlobals) = postSolution
		SolutionGuid = {A076D79C-9E86-49FF-B3DE-60DDBF6BC5A7}
	EndGlobalSection
EndGlobal
